
Microsoft Visual Studio Solution File, Format Version 11.00
# Visual Studio 2010
Project("{FAE04EC0-301F-11D3-BF4B-00C04F79EFBC}") = "LectureASP", "LectureASP\LectureASP.csproj", "{873D9B0F-37DB-4507-B608-92C240CBBF3D}"
EndProject
Global
	GlobalSection(SolutionConfigurationPlatforms) = preSolution
		Debug|Any CPU = Debug|Any CPU
		Release|Any CPU = Release|Any CPU
	EndGlobalSection
	GlobalSection(ProjectConfigurationPlatforms) = postSolution
		{873D9B0F-37DB-4507-B608-92C240CBBF3D}.Debug|Any CPU.ActiveCfg = Debug|Any CPU
		{873D9B0F-37DB-4507-B608-92C240CBBF3D}.Debug|Any CPU.Build.0 = Debug|Any CPU
		{873D9B0F-37DB-4507-B608-92C240CBBF3D}.Release|Any CPU.ActiveCfg = Release|Any CPU
		{873D9B0F-37DB-4507-B608-92C240CBBF3D}.Release|Any CPU.Build.0 = Release|Any CPU
	EndGlobalSection
	GlobalSection(SolutionProperties) = preSolution
		HideSolutionNode = FALSE
	EndGlobalSection
EndGlobal
